
Microsoft Visual Studio Solution File, Format Version 12.00
# Visual Studio 15
VisualStudioVersion = 15.0.28307.902
MinimumVisualStudioVersion = 10.0.40219.1
Project("{FAE04EC0-301F-11D3-BF4B-00C04F79EFBC}") = "VOEBackend", "VOEBackend\VOEBackend.csproj", "{07D1EADD-6AB3-4463-ACD2-D68A03D92314}"
EndProject
Project("{FAE04EC0-301F-11D3-BF4B-00C04F79EFBC}") = "VOEBackend.Encompass", "VOEBackend.Encompass\VOEBackend.Encompass.csproj", "{3E5F3E8C-8CFB-4D65-93CA-803337E2B227}"
EndProject
Project("{FAE04EC0-301F-11D3-BF4B-00C04F79EFBC}") = "VOEBackend.Interfaces", "VOEBackEnd.Interfaces\VOEBackend.Interfaces.csproj", "{5C2027D2-A7C4-44E3-9986-5BCFE9B23E8D}"
EndProject
Project("{FAE04EC0-301F-11D3-BF4B-00C04F79EFBC}") = "VOEBackend.Email", "VOEBackend.Email\VOEBackend.Email.csproj", "{3E069177-E1AE-4331-B9C7-F22B13CC1210}"
EndProject
Project("{FAE04EC0-301F-11D3-BF4B-00C04F79EFBC}") = "VOEBackend.AdvancedData", "VOEBackend.AdvancedData\VOEBackend.AdvancedData.csproj", "{D03A7FD5-0712-4B08-AB17-03E4C20DE436}"
EndProject
Project("{FAE04EC0-301F-11D3-BF4B-00C04F79EFBC}") = "VOEBackend.Equifax", "VOEBackend.Equifax\VOEBackend.Equifax.csproj", "{381B43C8-232B-4EF6-B7AC-A3F3B9095B69}"
EndProject
Project("{FAE04EC0-301F-11D3-BF4B-00C04F79EFBC}") = "VOEBackend.DocuSign", "VOEBackend.DocuSign\VOEBackend.DocuSign.csproj", "{472E49D9-50DB-4051-B5B3-6DF05EC3226F}"
EndProject
Project("{FAE04EC0-301F-11D3-BF4B-00C04F79EFBC}") = "FHMC.EncompassREST", "..\FHMC-References\FHMC.EncompassREST\FHMC.EncompassREST\FHMC.EncompassREST.csproj", "{77BD1448-8A66-4022-90BC-BCF7BF633418}"
EndProject
Project("{FAE04EC0-301F-11D3-BF4B-00C04F79EFBC}") = "VOEBackend.TrueWork", "VOEBackend.TrueWork\VOEBackend.TrueWork.csproj", "{55CD74B6-B88F-43A3-BCFE-CF84361A4599}"
EndProject
Project("{FAE04EC0-301F-11D3-BF4B-00C04F79EFBC}") = "VOEBackend.Xactus", "VOEBackend.Xactus\VOEBackend.Xactus.csproj", "{6AB27463-15C3-4F93-B5D1-442516953617}"
EndProject
Project("{FAE04EC0-301F-11D3-BF4B-00C04F79EFBC}") = "VOEBackend.Truv", "VOEBackend.Truv\VOEBackend.Truv.csproj", "{2E8F53A9-6AD4-41C1-93D0-B8D1A47E094B}"
EndProject
Project("{FAE04EC0-301F-11D3-BF4B-00C04F79EFBC}") = "FHMC.Interfaces", "..\FHMC-References\FHMC.Interfaces\FHMC.Interfaces\FHMC.Interfaces.csproj", "{1A1493E8-C778-40EC-B91E-4F1A5175534F}"
EndProject
Project("{FAE04EC0-301F-11D3-BF4B-00C04F79EFBC}") = "FHMC.NLogWrapper", "..\FHMC-References\FHMC.NLogWrapper\FHMC.NLogWrapper\FHMC.NLogWrapper.csproj", "{DDADC8FB-16CC-4D6D-9207-571ADF4618C7}"
EndProject
Project("{FAE04EC0-301F-11D3-BF4B-00C04F79EFBC}") = "FHMC.Email", "..\FHMC-References\FHMC.Email\FHMC.Email\FHMC.Email.csproj", "{94439517-13F5-4465-98A1-6923C0F10E1B}"
EndProject
Project("{FAE04EC0-301F-11D3-BF4B-00C04F79EFBC}") = "FHMC.Graph", "..\FHMC-References\FHMC.Graph\FHMC.Graph\FHMC.Graph.csproj", "{1E7EC4D8-253E-4081-A616-A438F635F7B9}"
EndProject
Global
	GlobalSection(SolutionConfigurationPlatforms) = preSolution
		Debug|Any CPU = Debug|Any CPU
		Debug|Mixed Platforms = Debug|Mixed Platforms
		Debug|x64 = Debug|x64
		Debug|x86 = Debug|x86
		Release|Any CPU = Release|Any CPU
		Release|Mixed Platforms = Release|Mixed Platforms
		Release|x64 = Release|x64
		Release|x86 = Release|x86
	EndGlobalSection
	GlobalSection(ProjectConfigurationPlatforms) = postSolution
		{07D1EADD-6AB3-4463-ACD2-D68A03D92314}.Debug|Any CPU.ActiveCfg = Debug|x86
		{07D1EADD-6AB3-4463-ACD2-D68A03D92314}.Debug|Any CPU.Build.0 = Debug|x86
		{07D1EADD-6AB3-4463-ACD2-D68A03D92314}.Debug|Mixed Platforms.ActiveCfg = Debug|x86
		{07D1EADD-6AB3-4463-ACD2-D68A03D92314}.Debug|Mixed Platforms.Build.0 = Debug|x86
		{07D1EADD-6AB3-4463-ACD2-D68A03D92314}.Debug|x64.ActiveCfg = Debug|x64
		{07D1EADD-6AB3-4463-ACD2-D68A03D92314}.Debug|x64.Build.0 = Debug|x64
		{07D1EADD-6AB3-4463-ACD2-D68A03D92314}.Debug|x86.ActiveCfg = Debug|x86
		{07D1EADD-6AB3-4463-ACD2-D68A03D92314}.Debug|x86.Build.0 = Debug|x86
		{07D1EADD-6AB3-4463-ACD2-D68A03D92314}.Release|Any CPU.ActiveCfg = Release|x86
		{07D1EADD-6AB3-4463-ACD2-D68A03D92314}.Release|Mixed Platforms.ActiveCfg = Release|x86
		{07D1EADD-6AB3-4463-ACD2-D68A03D92314}.Release|Mixed Platforms.Build.0 = Release|x86
		{07D1EADD-6AB3-4463-ACD2-D68A03D92314}.Release|x64.ActiveCfg = Release|x64
		{07D1EADD-6AB3-4463-ACD2-D68A03D92314}.Release|x64.Build.0 = Release|x64
		{07D1EADD-6AB3-4463-ACD2-D68A03D92314}.Release|x86.ActiveCfg = Release|x86
		{07D1EADD-6AB3-4463-ACD2-D68A03D92314}.Release|x86.Build.0 = Release|x86
		{3E5F3E8C-8CFB-4D65-93CA-803337E2B227}.Debug|Any CPU.ActiveCfg = Debug|Any CPU
		{3E5F3E8C-8CFB-4D65-93CA-803337E2B227}.Debug|Any CPU.Build.0 = Debug|Any CPU
		{3E5F3E8C-8CFB-4D65-93CA-803337E2B227}.Debug|Mixed Platforms.ActiveCfg = Debug|Any CPU
		{3E5F3E8C-8CFB-4D65-93CA-803337E2B227}.Debug|Mixed Platforms.Build.0 = Debug|Any CPU
		{3E5F3E8C-8CFB-4D65-93CA-803337E2B227}.Debug|x64.ActiveCfg = Debug|x64
		{3E5F3E8C-8CFB-4D65-93CA-803337E2B227}.Debug|x64.Build.0 = Debug|x64
		{3E5F3E8C-8CFB-4D65-93CA-803337E2B227}.Debug|x86.ActiveCfg = Debug|Any CPU
		{3E5F3E8C-8CFB-4D65-93CA-803337E2B227}.Release|Any CPU.ActiveCfg = Release|Any CPU
		{3E5F3E8C-8CFB-4D65-93CA-803337E2B227}.Release|Any CPU.Build.0 = Release|Any CPU
		{3E5F3E8C-8CFB-4D65-93CA-803337E2B227}.Release|Mixed Platforms.ActiveCfg = Release|Any CPU
		{3E5F3E8C-8CFB-4D65-93CA-803337E2B227}.Release|Mixed Platforms.Build.0 = Release|Any CPU
		{3E5F3E8C-8CFB-4D65-93CA-803337E2B227}.Release|x64.ActiveCfg = Release|Any CPU
		{3E5F3E8C-8CFB-4D65-93CA-803337E2B227}.Release|x64.Build.0 = Release|Any CPU
		{3E5F3E8C-8CFB-4D65-93CA-803337E2B227}.Release|x86.ActiveCfg = Release|Any CPU
		{5C2027D2-A7C4-44E3-9986-5BCFE9B23E8D}.Debug|Any CPU.ActiveCfg = Debug|Any CPU
		{5C2027D2-A7C4-44E3-9986-5BCFE9B23E8D}.Debug|Any CPU.Build.0 = Debug|Any CPU
		{5C2027D2-A7C4-44E3-9986-5BCFE9B23E8D}.Debug|Mixed Platforms.ActiveCfg = Debug|Any CPU
		{5C2027D2-A7C4-44E3-9986-5BCFE9B23E8D}.Debug|Mixed Platforms.Build.0 = Debug|Any CPU
		{5C2027D2-A7C4-44E3-9986-5BCFE9B23E8D}.Debug|x64.ActiveCfg = Debug|x64
		{5C2027D2-A7C4-44E3-9986-5BCFE9B23E8D}.Debug|x64.Build.0 = Debug|x64
		{5C2027D2-A7C4-44E3-9986-5BCFE9B23E8D}.Debug|x86.ActiveCfg = Debug|Any CPU
		{5C2027D2-A7C4-44E3-9986-5BCFE9B23E8D}.Release|Any CPU.ActiveCfg = Release|Any CPU
		{5C2027D2-A7C4-44E3-9986-5BCFE9B23E8D}.Release|Any CPU.Build.0 = Release|Any CPU
		{5C2027D2-A7C4-44E3-9986-5BCFE9B23E8D}.Release|Mixed Platforms.ActiveCfg = Release|Any CPU
		{5C2027D2-A7C4-44E3-9986-5BCFE9B23E8D}.Release|Mixed Platforms.Build.0 = Release|Any CPU
		{5C2027D2-A7C4-44E3-9986-5BCFE9B23E8D}.Release|x64.ActiveCfg = Release|Any CPU
		{5C2027D2-A7C4-44E3-9986-5BCFE9B23E8D}.Release|x64.Build.0 = Release|Any CPU
		{5C2027D2-A7C4-44E3-9986-5BCFE9B23E8D}.Release|x86.ActiveCfg = Release|Any CPU
		{3E069177-E1AE-4331-B9C7-F22B13CC1210}.Debug|Any CPU.ActiveCfg = Debug|Any CPU
		{3E069177-E1AE-4331-B9C7-F22B13CC1210}.Debug|Any CPU.Build.0 = Debug|Any CPU
		{3E069177-E1AE-4331-B9C7-F22B13CC1210}.Debug|Mixed Platforms.ActiveCfg = Debug|Any CPU
		{3E069177-E1AE-4331-B9C7-F22B13CC1210}.Debug|Mixed Platforms.Build.0 = Debug|Any CPU
		{3E069177-E1AE-4331-B9C7-F22B13CC1210}.Debug|x64.ActiveCfg = Debug|x64
		{3E069177-E1AE-4331-B9C7-F22B13CC1210}.Debug|x64.Build.0 = Debug|x64
		{3E069177-E1AE-4331-B9C7-F22B13CC1210}.Debug|x86.ActiveCfg = Debug|Any CPU
		{3E069177-E1AE-4331-B9C7-F22B13CC1210}.Release|Any CPU.ActiveCfg = Release|Any CPU
		{3E069177-E1AE-4331-B9C7-F22B13CC1210}.Release|Any CPU.Build.0 = Release|Any CPU
		{3E069177-E1AE-4331-B9C7-F22B13CC1210}.Release|Mixed Platforms.ActiveCfg = Release|Any CPU
		{3E069177-E1AE-4331-B9C7-F22B13CC1210}.Release|Mixed Platforms.Build.0 = Release|Any CPU
		{3E069177-E1AE-4331-B9C7-F22B13CC1210}.Release|x64.ActiveCfg = Release|Any CPU
		{3E069177-E1AE-4331-B9C7-F22B13CC1210}.Release|x64.Build.0 = Release|Any CPU
		{3E069177-E1AE-4331-B9C7-F22B13CC1210}.Release|x86.ActiveCfg = Release|Any CPU
		{D03A7FD5-0712-4B08-AB17-03E4C20DE436}.Debug|Any CPU.ActiveCfg = Debug|Any CPU
		{D03A7FD5-0712-4B08-AB17-03E4C20DE436}.Debug|Any CPU.Build.0 = Debug|Any CPU
		{D03A7FD5-0712-4B08-AB17-03E4C20DE436}.Debug|Mixed Platforms.ActiveCfg = Debug|Any CPU
		{D03A7FD5-0712-4B08-AB17-03E4C20DE436}.Debug|Mixed Platforms.Build.0 = Debug|Any CPU
		{D03A7FD5-0712-4B08-AB17-03E4C20DE436}.Debug|x64.ActiveCfg = Debug|x64
		{D03A7FD5-0712-4B08-AB17-03E4C20DE436}.Debug|x64.Build.0 = Debug|x64
		{D03A7FD5-0712-4B08-AB17-03E4C20DE436}.Debug|x86.ActiveCfg = Debug|Any CPU
		{D03A7FD5-0712-4B08-AB17-03E4C20DE436}.Release|Any CPU.ActiveCfg = Release|Any CPU
		{D03A7FD5-0712-4B08-AB17-03E4C20DE436}.Release|Any CPU.Build.0 = Release|Any CPU
		{D03A7FD5-0712-4B08-AB17-03E4C20DE436}.Release|Mixed Platforms.ActiveCfg = Release|Any CPU
		{D03A7FD5-0712-4B08-AB17-03E4C20DE436}.Release|Mixed Platforms.Build.0 = Release|Any CPU
		{D03A7FD5-0712-4B08-AB17-03E4C20DE436}.Release|x64.ActiveCfg = Release|Any CPU
		{D03A7FD5-0712-4B08-AB17-03E4C20DE436}.Release|x64.Build.0 = Release|Any CPU
		{D03A7FD5-0712-4B08-AB17-03E4C20DE436}.Release|x86.ActiveCfg = Release|Any CPU
		{381B43C8-232B-4EF6-B7AC-A3F3B9095B69}.Debug|Any CPU.ActiveCfg = Debug|Any CPU
		{381B43C8-232B-4EF6-B7AC-A3F3B9095B69}.Debug|Any CPU.Build.0 = Debug|Any CPU
		{381B43C8-232B-4EF6-B7AC-A3F3B9095B69}.Debug|Mixed Platforms.ActiveCfg = Debug|Any CPU
		{381B43C8-232B-4EF6-B7AC-A3F3B9095B69}.Debug|Mixed Platforms.Build.0 = Debug|Any CPU
		{381B43C8-232B-4EF6-B7AC-A3F3B9095B69}.Debug|x64.ActiveCfg = Debug|x64
		{381B43C8-232B-4EF6-B7AC-A3F3B9095B69}.Debug|x64.Build.0 = Debug|x64
		{381B43C8-232B-4EF6-B7AC-A3F3B9095B69}.Debug|x86.ActiveCfg = Debug|Any CPU
		{381B43C8-232B-4EF6-B7AC-A3F3B9095B69}.Release|Any CPU.ActiveCfg = Release|Any CPU
		{381B43C8-232B-4EF6-B7AC-A3F3B9095B69}.Release|Any CPU.Build.0 = Release|Any CPU
		{381B43C8-232B-4EF6-B7AC-A3F3B9095B69}.Release|Mixed Platforms.ActiveCfg = Release|Any CPU
		{381B43C8-232B-4EF6-B7AC-A3F3B9095B69}.Release|Mixed Platforms.Build.0 = Release|Any CPU
		{381B43C8-232B-4EF6-B7AC-A3F3B9095B69}.Release|x64.ActiveCfg = Release|Any CPU
		{381B43C8-232B-4EF6-B7AC-A3F3B9095B69}.Release|x64.Build.0 = Release|Any CPU
		{381B43C8-232B-4EF6-B7AC-A3F3B9095B69}.Release|x86.ActiveCfg = Release|Any CPU
		{472E49D9-50DB-4051-B5B3-6DF05EC3226F}.Debug|Any CPU.ActiveCfg = Debug|Any CPU
		{472E49D9-50DB-4051-B5B3-6DF05EC3226F}.Debug|Any CPU.Build.0 = Debug|Any CPU
		{472E49D9-50DB-4051-B5B3-6DF05EC3226F}.Debug|Mixed Platforms.ActiveCfg = Debug|Any CPU
		{472E49D9-50DB-4051-B5B3-6DF05EC3226F}.Debug|Mixed Platforms.Build.0 = Debug|Any CPU
		{472E49D9-50DB-4051-B5B3-6DF05EC3226F}.Debug|x64.ActiveCfg = Debug|x64
		{472E49D9-50DB-4051-B5B3-6DF05EC3226F}.Debug|x64.Build.0 = Debug|x64
		{472E49D9-50DB-4051-B5B3-6DF05EC3226F}.Debug|x86.ActiveCfg = Debug|Any CPU
		{472E49D9-50DB-4051-B5B3-6DF05EC3226F}.Release|Any CPU.ActiveCfg = Release|Any CPU
		{472E49D9-50DB-4051-B5B3-6DF05EC3226F}.Release|Any CPU.Build.0 = Release|Any CPU
		{472E49D9-50DB-4051-B5B3-6DF05EC3226F}.Release|Mixed Platforms.ActiveCfg = Release|Any CPU
		{472E49D9-50DB-4051-B5B3-6DF05EC3226F}.Release|Mixed Platforms.Build.0 = Release|Any CPU
		{472E49D9-50DB-4051-B5B3-6DF05EC3226F}.Release|x64.ActiveCfg = Release|Any CPU
		{472E49D9-50DB-4051-B5B3-6DF05EC3226F}.Release|x64.Build.0 = Release|Any CPU
		{472E49D9-50DB-4051-B5B3-6DF05EC3226F}.Release|x86.ActiveCfg = Release|Any CPU
		{77BD1448-8A66-4022-90BC-BCF7BF633418}.Debug|Any CPU.ActiveCfg = Debug|Any CPU
		{77BD1448-8A66-4022-90BC-BCF7BF633418}.Debug|Any CPU.Build.0 = Debug|Any CPU
		{77BD1448-8A66-4022-90BC-BCF7BF633418}.Debug|Mixed Platforms.ActiveCfg = Debug|Any CPU
		{77BD1448-8A66-4022-90BC-BCF7BF633418}.Debug|Mixed Platforms.Build.0 = Debug|Any CPU
		{77BD1448-8A66-4022-90BC-BCF7BF633418}.Debug|x64.ActiveCfg = Debug|x64
		{77BD1448-8A66-4022-90BC-BCF7BF633418}.Debug|x64.Build.0 = Debug|x64
		{77BD1448-8A66-4022-90BC-BCF7BF633418}.Debug|x86.ActiveCfg = Debug|Any CPU
		{77BD1448-8A66-4022-90BC-BCF7BF633418}.Release|Any CPU.ActiveCfg = Release|Any CPU
		{77BD1448-8A66-4022-90BC-BCF7BF633418}.Release|Any CPU.Build.0 = Release|Any CPU
		{77BD1448-8A66-4022-90BC-BCF7BF633418}.Release|Mixed Platforms.ActiveCfg = Release|Any CPU
		{77BD1448-8A66-4022-90BC-BCF7BF633418}.Release|Mixed Platforms.Build.0 = Release|Any CPU
		{77BD1448-8A66-4022-90BC-BCF7BF633418}.Release|x64.ActiveCfg = Release|Any CPU
		{77BD1448-8A66-4022-90BC-BCF7BF633418}.Release|x64.Build.0 = Release|Any CPU
		{77BD1448-8A66-4022-90BC-BCF7BF633418}.Release|x86.ActiveCfg = Release|Any CPU
		{55CD74B6-B88F-43A3-BCFE-CF84361A4599}.Debug|Any CPU.ActiveCfg = Debug|Any CPU
		{55CD74B6-B88F-43A3-BCFE-CF84361A4599}.Debug|Any CPU.Build.0 = Debug|Any CPU
		{55CD74B6-B88F-43A3-BCFE-CF84361A4599}.Debug|Mixed Platforms.ActiveCfg = Debug|Any CPU
		{55CD74B6-B88F-43A3-BCFE-CF84361A4599}.Debug|Mixed Platforms.Build.0 = Debug|Any CPU
		{55CD74B6-B88F-43A3-BCFE-CF84361A4599}.Debug|x64.ActiveCfg = Debug|x64
		{55CD74B6-B88F-43A3-BCFE-CF84361A4599}.Debug|x64.Build.0 = Debug|x64
		{55CD74B6-B88F-43A3-BCFE-CF84361A4599}.Debug|x86.ActiveCfg = Debug|Any CPU
		{55CD74B6-B88F-43A3-BCFE-CF84361A4599}.Debug|x86.Build.0 = Debug|Any CPU
		{55CD74B6-B88F-43A3-BCFE-CF84361A4599}.Release|Any CPU.ActiveCfg = Release|Any CPU
		{55CD74B6-B88F-43A3-BCFE-CF84361A4599}.Release|Any CPU.Build.0 = Release|Any CPU
		{55CD74B6-B88F-43A3-BCFE-CF84361A4599}.Release|Mixed Platforms.ActiveCfg = Release|Any CPU
		{55CD74B6-B88F-43A3-BCFE-CF84361A4599}.Release|Mixed Platforms.Build.0 = Release|Any CPU
		{55CD74B6-B88F-43A3-BCFE-CF84361A4599}.Release|x64.ActiveCfg = Release|Any CPU
		{55CD74B6-B88F-43A3-BCFE-CF84361A4599}.Release|x64.Build.0 = Release|Any CPU
		{55CD74B6-B88F-43A3-BCFE-CF84361A4599}.Release|x86.ActiveCfg = Release|Any CPU
		{55CD74B6-B88F-43A3-BCFE-CF84361A4599}.Release|x86.Build.0 = Release|Any CPU
		{6AB27463-15C3-4F93-B5D1-442516953617}.Debug|Any CPU.ActiveCfg = Debug|Any CPU
		{6AB27463-15C3-4F93-B5D1-442516953617}.Debug|Any CPU.Build.0 = Debug|Any CPU
		{6AB27463-15C3-4F93-B5D1-442516953617}.Debug|Mixed Platforms.ActiveCfg = Debug|Any CPU
		{6AB27463-15C3-4F93-B5D1-442516953617}.Debug|Mixed Platforms.Build.0 = Debug|Any CPU
		{6AB27463-15C3-4F93-B5D1-442516953617}.Debug|x64.ActiveCfg = Debug|x64
		{6AB27463-15C3-4F93-B5D1-442516953617}.Debug|x64.Build.0 = Debug|x64
		{6AB27463-15C3-4F93-B5D1-442516953617}.Debug|x86.ActiveCfg = Debug|Any CPU
		{6AB27463-15C3-4F93-B5D1-442516953617}.Debug|x86.Build.0 = Debug|Any CPU
		{6AB27463-15C3-4F93-B5D1-442516953617}.Release|Any CPU.ActiveCfg = Release|Any CPU
		{6AB27463-15C3-4F93-B5D1-442516953617}.Release|Any CPU.Build.0 = Release|Any CPU
		{6AB27463-15C3-4F93-B5D1-442516953617}.Release|Mixed Platforms.ActiveCfg = Release|Any CPU
		{6AB27463-15C3-4F93-B5D1-442516953617}.Release|Mixed Platforms.Build.0 = Release|Any CPU
		{6AB27463-15C3-4F93-B5D1-442516953617}.Release|x64.ActiveCfg = Release|Any CPU
		{6AB27463-15C3-4F93-B5D1-442516953617}.Release|x64.Build.0 = Release|Any CPU
		{6AB27463-15C3-4F93-B5D1-442516953617}.Release|x86.ActiveCfg = Release|Any CPU
		{6AB27463-15C3-4F93-B5D1-442516953617}.Release|x86.Build.0 = Release|Any CPU
		{2E8F53A9-6AD4-41C1-93D0-B8D1A47E094B}.Debug|Any CPU.ActiveCfg = Debug|Any CPU
		{2E8F53A9-6AD4-41C1-93D0-B8D1A47E094B}.Debug|Any CPU.Build.0 = Debug|Any CPU
		{2E8F53A9-6AD4-41C1-93D0-B8D1A47E094B}.Debug|Mixed Platforms.ActiveCfg = Debug|Any CPU
		{2E8F53A9-6AD4-41C1-93D0-B8D1A47E094B}.Debug|Mixed Platforms.Build.0 = Debug|Any CPU
		{2E8F53A9-6AD4-41C1-93D0-B8D1A47E094B}.Debug|x64.ActiveCfg = Debug|x64
		{2E8F53A9-6AD4-41C1-93D0-B8D1A47E094B}.Debug|x64.Build.0 = Debug|x64
		{2E8F53A9-6AD4-41C1-93D0-B8D1A47E094B}.Debug|x86.ActiveCfg = Debug|Any CPU
		{2E8F53A9-6AD4-41C1-93D0-B8D1A47E094B}.Debug|x86.Build.0 = Debug|Any CPU
		{2E8F53A9-6AD4-41C1-93D0-B8D1A47E094B}.Release|Any CPU.ActiveCfg = Release|Any CPU
		{2E8F53A9-6AD4-41C1-93D0-B8D1A47E094B}.Release|Any CPU.Build.0 = Release|Any CPU
		{2E8F53A9-6AD4-41C1-93D0-B8D1A47E094B}.Release|Mixed Platforms.ActiveCfg = Release|Any CPU
		{2E8F53A9-6AD4-41C1-93D0-B8D1A47E094B}.Release|Mixed Platforms.Build.0 = Release|Any CPU
		{2E8F53A9-6AD4-41C1-93D0-B8D1A47E094B}.Release|x64.ActiveCfg = Release|Any CPU
		{2E8F53A9-6AD4-41C1-93D0-B8D1A47E094B}.Release|x64.Build.0 = Release|Any CPU
		{2E8F53A9-6AD4-41C1-93D0-B8D1A47E094B}.Release|x86.ActiveCfg = Release|Any CPU
		{2E8F53A9-6AD4-41C1-93D0-B8D1A47E094B}.Release|x86.Build.0 = Release|Any CPU
		{1A1493E8-C778-40EC-B91E-4F1A5175534F}.Debug|Any CPU.ActiveCfg = Debug|Any CPU
		{1A1493E8-C778-40EC-B91E-4F1A5175534F}.Debug|Any CPU.Build.0 = Debug|Any CPU
		{1A1493E8-C778-40EC-B91E-4F1A5175534F}.Debug|Mixed Platforms.ActiveCfg = Debug|Any CPU
		{1A1493E8-C778-40EC-B91E-4F1A5175534F}.Debug|Mixed Platforms.Build.0 = Debug|Any CPU
		{1A1493E8-C778-40EC-B91E-4F1A5175534F}.Debug|x64.ActiveCfg = Debug|x64
		{1A1493E8-C778-40EC-B91E-4F1A5175534F}.Debug|x64.Build.0 = Debug|x64
		{1A1493E8-C778-40EC-B91E-4F1A5175534F}.Debug|x86.ActiveCfg = Debug|Any CPU
		{1A1493E8-C778-40EC-B91E-4F1A5175534F}.Debug|x86.Build.0 = Debug|Any CPU
		{1A1493E8-C778-40EC-B91E-4F1A5175534F}.Release|Any CPU.ActiveCfg = Release|Any CPU
		{1A1493E8-C778-40EC-B91E-4F1A5175534F}.Release|Any CPU.Build.0 = Release|Any CPU
		{1A1493E8-C778-40EC-B91E-4F1A5175534F}.Release|Mixed Platforms.ActiveCfg = Release|Any CPU
		{1A1493E8-C778-40EC-B91E-4F1A5175534F}.Release|Mixed Platforms.Build.0 = Release|Any CPU
		{1A1493E8-C778-40EC-B91E-4F1A5175534F}.Release|x64.ActiveCfg = Release|Any CPU
		{1A1493E8-C778-40EC-B91E-4F1A5175534F}.Release|x64.Build.0 = Release|Any CPU
		{1A1493E8-C778-40EC-B91E-4F1A5175534F}.Release|x86.ActiveCfg = Release|Any CPU
		{1A1493E8-C778-40EC-B91E-4F1A5175534F}.Release|x86.Build.0 = Release|Any CPU
		{DDADC8FB-16CC-4D6D-9207-571ADF4618C7}.Debug|Any CPU.ActiveCfg = Debug|Any CPU
		{DDADC8FB-16CC-4D6D-9207-571ADF4618C7}.Debug|Any CPU.Build.0 = Debug|Any CPU
		{DDADC8FB-16CC-4D6D-9207-571ADF4618C7}.Debug|Mixed Platforms.ActiveCfg = Debug|Any CPU
		{DDADC8FB-16CC-4D6D-9207-571ADF4618C7}.Debug|Mixed Platforms.Build.0 = Debug|Any CPU
		{DDADC8FB-16CC-4D6D-9207-571ADF4618C7}.Debug|x64.ActiveCfg = Debug|x64
		{DDADC8FB-16CC-4D6D-9207-571ADF4618C7}.Debug|x64.Build.0 = Debug|x64
		{DDADC8FB-16CC-4D6D-9207-571ADF4618C7}.Debug|x86.ActiveCfg = Debug|Any CPU
		{DDADC8FB-16CC-4D6D-9207-571ADF4618C7}.Debug|x86.Build.0 = Debug|Any CPU
		{DDADC8FB-16CC-4D6D-9207-571ADF4618C7}.Release|Any CPU.ActiveCfg = Release|Any CPU
		{DDADC8FB-16CC-4D6D-9207-571ADF4618C7}.Release|Any CPU.Build.0 = Release|Any CPU
		{DDADC8FB-16CC-4D6D-9207-571ADF4618C7}.Release|Mixed Platforms.ActiveCfg = Release|Any CPU
		{DDADC8FB-16CC-4D6D-9207-571ADF4618C7}.Release|Mixed Platforms.Build.0 = Release|Any CPU
		{DDADC8FB-16CC-4D6D-9207-571ADF4618C7}.Release|x64.ActiveCfg = Release|x64
		{DDADC8FB-16CC-4D6D-9207-571ADF4618C7}.Release|x64.Build.0 = Release|x64
		{DDADC8FB-16CC-4D6D-9207-571ADF4618C7}.Release|x86.ActiveCfg = Release|Any CPU
		{DDADC8FB-16CC-4D6D-9207-571ADF4618C7}.Release|x86.Build.0 = Release|Any CPU
		{94439517-13F5-4465-98A1-6923C0F10E1B}.Debug|Any CPU.ActiveCfg = Debug|Any CPU
		{94439517-13F5-4465-98A1-6923C0F10E1B}.Debug|Any CPU.Build.0 = Debug|Any CPU
		{94439517-13F5-4465-98A1-6923C0F10E1B}.Debug|Mixed Platforms.ActiveCfg = Debug|Any CPU
		{94439517-13F5-4465-98A1-6923C0F10E1B}.Debug|Mixed Platforms.Build.0 = Debug|Any CPU
		{94439517-13F5-4465-98A1-6923C0F10E1B}.Debug|x64.ActiveCfg = Debug|x64
		{94439517-13F5-4465-98A1-6923C0F10E1B}.Debug|x64.Build.0 = Debug|x64
		{94439517-13F5-4465-98A1-6923C0F10E1B}.Debug|x86.ActiveCfg = Debug|Any CPU
		{94439517-13F5-4465-98A1-6923C0F10E1B}.Debug|x86.Build.0 = Debug|Any CPU
		{94439517-13F5-4465-98A1-6923C0F10E1B}.Release|Any CPU.ActiveCfg = Release|Any CPU
		{94439517-13F5-4465-98A1-6923C0F10E1B}.Release|Any CPU.Build.0 = Release|Any CPU
		{94439517-13F5-4465-98A1-6923C0F10E1B}.Release|Mixed Platforms.ActiveCfg = Release|Any CPU
		{94439517-13F5-4465-98A1-6923C0F10E1B}.Release|Mixed Platforms.Build.0 = Release|Any CPU
		{94439517-13F5-4465-98A1-6923C0F10E1B}.Release|x64.ActiveCfg = Release|x64
		{94439517-13F5-4465-98A1-6923C0F10E1B}.Release|x64.Build.0 = Release|x64
		{94439517-13F5-4465-98A1-6923C0F10E1B}.Release|x86.ActiveCfg = Release|Any CPU
		{94439517-13F5-4465-98A1-6923C0F10E1B}.Release|x86.Build.0 = Release|Any CPU
		{1E7EC4D8-253E-4081-A616-A438F635F7B9}.Debug|Any CPU.ActiveCfg = Debug|Any CPU
		{1E7EC4D8-253E-4081-A616-A438F635F7B9}.Debug|Any CPU.Build.0 = Debug|Any CPU
		{1E7EC4D8-253E-4081-A616-A438F635F7B9}.Debug|Mixed Platforms.ActiveCfg = Debug|Any CPU
		{1E7EC4D8-253E-4081-A616-A438F635F7B9}.Debug|Mixed Platforms.Build.0 = Debug|Any CPU
		{1E7EC4D8-253E-4081-A616-A438F635F7B9}.Debug|x64.ActiveCfg = Debug|x64
		{1E7EC4D8-253E-4081-A616-A438F635F7B9}.Debug|x64.Build.0 = Debug|x64
		{1E7EC4D8-253E-4081-A616-A438F635F7B9}.Debug|x86.ActiveCfg = Debug|Any CPU
		{1E7EC4D8-253E-4081-A616-A438F635F7B9}.Debug|x86.Build.0 = Debug|Any CPU
		{1E7EC4D8-253E-4081-A616-A438F635F7B9}.Release|Any CPU.ActiveCfg = Release|Any CPU
		{1E7EC4D8-253E-4081-A616-A438F635F7B9}.Release|Any CPU.Build.0 = Release|Any CPU
		{1E7EC4D8-253E-4081-A616-A438F635F7B9}.Release|Mixed Platforms.ActiveCfg = Release|Any CPU
		{1E7EC4D8-253E-4081-A616-A438F635F7B9}.Release|Mixed Platforms.Build.0 = Release|Any CPU
		{1E7EC4D8-253E-4081-A616-A438F635F7B9}.Release|x64.ActiveCfg = Release|x64
		{1E7EC4D8-253E-4081-A616-A438F635F7B9}.Release|x64.Build.0 = Release|x64
		{1E7EC4D8-253E-4081-A616-A438F635F7B9}.Release|x86.ActiveCfg = Release|Any CPU
		{1E7EC4D8-253E-4081-A616-A438F635F7B9}.Release|x86.Build.0 = Release|Any CPU
	EndGlobalSection
	GlobalSection(SolutionProperties) = preSolution
		HideSolutionNode = FALSE
	EndGlobalSection
	GlobalSection(ExtensibilityGlobals) = postSolution
		SolutionGuid = {0E3EB6D2-FE91-45CB-9E19-24C2272E8FA5}
	EndGlobalSection
EndGlobal
